{
  "lockfileVersion": 1,
  "workspaces": {
    "": {
      "dependencies": {
        "compress-json": "^3.2.0",
        "highlight.js": "^11.11.1",
        "marked": "^16.1.2",
        "marked-custom-heading-id": "^2.0.15",
        "marked-footnote": "^1.4.0",
        "marked-highlight": "^2.2.2",
        "suncalc": "^1.9.0",
        "typescript": "^5.9.2",
      },
    },
  },
  "packages": {
    "compress-json": ["compress-json@3.2.0", "", {}, "sha512-mvJaRDTPqaFLrPUzEwa3Jq6QQprg5g24YniRhIOwdjZDzUWoQtFVEL2VGWzh9VZp+vt41+ByVHPf+vx7xD3Ojw=="],

    "highlight.js": ["highlight.js@11.11.1", "", {}, "sha512-Xwwo44whKBVCYoliBQwaPvtd/2tYFkRQtXDWj1nackaV2JPXx3L0+Jvd8/qCJ2p+ML0/XVkJ2q+Mr+UVdpJK5w=="],

    "marked": ["marked@16.1.2", "", { "bin": { "marked": "bin/marked.js" } }, "sha512-rNQt5EvRinalby7zJZu/mB+BvaAY2oz3wCuCjt1RDrWNpS1Pdf9xqMOeC9Hm5adBdcV/3XZPJpG58eT+WBc0XQ=="],

    "marked-custom-heading-id": ["marked-custom-heading-id@2.0.15", "", { "peerDependencies": { "marked": ">=1 <17" } }, "sha512-V/VAQkd240lwS/h5Noqm3bnMeK8lA97aG108zddZWttrPihMJ6iVp0w6ZJrbHuWWA0755GaQUIhq41i9UE6Z5A=="],

    "marked-footnote": ["marked-footnote@1.4.0", "", { "peerDependencies": { "marked": ">=7.0.0" } }, "sha512-fZTxAhI1TcLEs5UOjCfYfTHpyKGaWQevbxaGTEA68B51l7i87SctPFtHETYqPkEN0ka5opvy4Dy1l/yXVC+hmg=="],

    "marked-highlight": ["marked-highlight@2.2.2", "", { "peerDependencies": { "marked": ">=4 <17" } }, "sha512-KlHOP31DatbtPPXPaI8nx1KTrG3EW0Z5zewCwpUj65swbtKOTStteK3sNAjBqV75Pgo3fNEVNHeptg18mDuWgw=="],

    "suncalc": ["suncalc@1.9.0", "", {}, "sha512-vMJ8Byp1uIPoj+wb9c1AdK4jpkSKVAywgHX0lqY7zt6+EWRRC3Z+0Ucfjy/0yxTVO1hwwchZe4uoFNqrIC24+A=="],

    "typescript": ["typescript@5.9.2", "", { "bin": { "tsc": "bin/tsc", "tsserver": "bin/tsserver" } }, "sha512-CWBzXQrc/qOkhidw1OzBTQuYRbfyxDXJMVJ1XNwUHGROVmuaeiEm3OslpZ1RV96d7SKKjZKrSJu3+t/xlw3R9A=="],
  }
}
